
Microsoft Visual Studio Solution File, Format Version 12.00
# Visual Studio Version 17
VisualStudioVersion = 17.4.33205.214
MinimumVisualStudioVersion = 10.0.40219.1
Project("{FAE04EC0-301F-11D3-BF4B-00C04F79EFBC}") = "DataAcess", "DataAcess\DataAcess.csproj", "{1CD0A192-A836-4109-8A31-9C2F8CDC2725}"
EndProject
Project("{2150E333-8FDC-42A3-9474-1A3956D46DE8}") = "NewFolder1", "NewFolder1", "{60418107-91AF-4CEE-A2FF-F9F7DC403D0A}"
EndProject
Project("{FAE04EC0-301F-11D3-BF4B-00C04F79EFBC}") = "StudentManager", "StudentManager\StudentManager.csproj", "{3A257D10-2542-4594-BDAE-94F2112D21D7}"
EndProject
Global
	GlobalSection(SolutionConfigurationPlatforms) = preSolution
		Debug|Any CPU = Debug|Any CPU
		Release|Any CPU = Release|Any CPU
	EndGlobalSection
	GlobalSection(ProjectConfigurationPlatforms) = postSolution
		{1CD0A192-A836-4109-8A31-9C2F8CDC2725}.Debug|Any CPU.ActiveCfg = Debug|Any CPU
		{1CD0A192-A836-4109-8A31-9C2F8CDC2725}.Debug|Any CPU.Build.0 = Debug|Any CPU
		{1CD0A192-A836-4109-8A31-9C2F8CDC2725}.Release|Any CPU.ActiveCfg = Release|Any CPU
		{1CD0A192-A836-4109-8A31-9C2F8CDC2725}.Release|Any CPU.Build.0 = Release|Any CPU
		{3A257D10-2542-4594-BDAE-94F2112D21D7}.Debug|Any CPU.ActiveCfg = Debug|Any CPU
		{3A257D10-2542-4594-BDAE-94F2112D21D7}.Debug|Any CPU.Build.0 = Debug|Any CPU
		{3A257D10-2542-4594-BDAE-94F2112D21D7}.Release|Any CPU.ActiveCfg = Release|Any CPU
		{3A257D10-2542-4594-BDAE-94F2112D21D7}.Release|Any CPU.Build.0 = Release|Any CPU
	EndGlobalSection
	GlobalSection(SolutionProperties) = preSolution
		HideSolutionNode = FALSE
	EndGlobalSection
	GlobalSection(ExtensibilityGlobals) = postSolution
		SolutionGuid = {3D49492B-A75D-4377-84EF-56F4572168F3}
	EndGlobalSection
EndGlobal
